
Microsoft Visual Studio Solution File, Format Version 12.00
# Visual Studio Version 17
VisualStudioVersion = 17.7.34031.279
MinimumVisualStudioVersion = 10.0.40219.1
Project("{9A19103F-16F7-4668-BE54-9A1E7A4F7556}") = "NumbersEndingInSeven", "NumbersEndingInSeven\NumbersEndingInSeven.csproj", "{259855F2-8A0A-4768-8198-D611298CBDC4}"
EndProject
Project("{FAE04EC0-301F-11D3-BF4B-00C04F79EFBC}") = "CleverLily", "CleverLily\CleverLily.csproj", "{B51624A1-71F1-43B3-B19D-7F96003234EB}"
EndProject
Project("{FAE04EC0-301F-11D3-BF4B-00C04F79EFBC}") = "Salary", "Salary\Salary.csproj", "{95697450-DD24-4B92-B7D6-C67AE20F39E6}"
EndProject
Project("{FAE04EC0-301F-11D3-BF4B-00C04F79EFBC}") = "TrekkingMania", "TrekkingMania\TrekkingMania.csproj", "{F6035151-30F1-45DB-B13B-44CF0F7181F8}"
EndProject
Project("{FAE04EC0-301F-11D3-BF4B-00C04F79EFBC}") = "TennisRanklist", "TennisRanklist\TennisRanklist.csproj", "{FD20A8B7-0576-45E1-ADF7-449F08E6B377}"
EndProject
Global
	GlobalSection(SolutionConfigurationPlatforms) = preSolution
		Debug|Any CPU = Debug|Any CPU
		Release|Any CPU = Release|Any CPU
	EndGlobalSection
	GlobalSection(ProjectConfigurationPlatforms) = postSolution
		{259855F2-8A0A-4768-8198-D611298CBDC4}.Debug|Any CPU.ActiveCfg = Debug|Any CPU
		{259855F2-8A0A-4768-8198-D611298CBDC4}.Debug|Any CPU.Build.0 = Debug|Any CPU
		{259855F2-8A0A-4768-8198-D611298CBDC4}.Release|Any CPU.ActiveCfg = Release|Any CPU
		{259855F2-8A0A-4768-8198-D611298CBDC4}.Release|Any CPU.Build.0 = Release|Any CPU
		{B51624A1-71F1-43B3-B19D-7F96003234EB}.Debug|Any CPU.ActiveCfg = Debug|Any CPU
		{B51624A1-71F1-43B3-B19D-7F96003234EB}.Debug|Any CPU.Build.0 = Debug|Any CPU
		{B51624A1-71F1-43B3-B19D-7F96003234EB}.Release|Any CPU.ActiveCfg = Release|Any CPU
		{B51624A1-71F1-43B3-B19D-7F96003234EB}.Release|Any CPU.Build.0 = Release|Any CPU
		{95697450-DD24-4B92-B7D6-C67AE20F39E6}.Debug|Any CPU.ActiveCfg = Debug|Any CPU
		{95697450-DD24-4B92-B7D6-C67AE20F39E6}.Debug|Any CPU.Build.0 = Debug|Any CPU
		{95697450-DD24-4B92-B7D6-C67AE20F39E6}.Release|Any CPU.ActiveCfg = Release|Any CPU
		{95697450-DD24-4B92-B7D6-C67AE20F39E6}.Release|Any CPU.Build.0 = Release|Any CPU
		{F6035151-30F1-45DB-B13B-44CF0F7181F8}.Debug|Any CPU.ActiveCfg = Debug|Any CPU
		{F6035151-30F1-45DB-B13B-44CF0F7181F8}.Debug|Any CPU.Build.0 = Debug|Any CPU
		{F6035151-30F1-45DB-B13B-44CF0F7181F8}.Release|Any CPU.ActiveCfg = Release|Any CPU
		{F6035151-30F1-45DB-B13B-44CF0F7181F8}.Release|Any CPU.Build.0 = Release|Any CPU
		{FD20A8B7-0576-45E1-ADF7-449F08E6B377}.Debug|Any CPU.ActiveCfg = Debug|Any CPU
		{FD20A8B7-0576-45E1-ADF7-449F08E6B377}.Debug|Any CPU.Build.0 = Debug|Any CPU
		{FD20A8B7-0576-45E1-ADF7-449F08E6B377}.Release|Any CPU.ActiveCfg = Release|Any CPU
		{FD20A8B7-0576-45E1-ADF7-449F08E6B377}.Release|Any CPU.Build.0 = Release|Any CPU
	EndGlobalSection
	GlobalSection(SolutionProperties) = preSolution
		HideSolutionNode = FALSE
	EndGlobalSection
	GlobalSection(ExtensibilityGlobals) = postSolution
		SolutionGuid = {8CED5094-448F-44B3-B56E-F46A399898DD}
	EndGlobalSection
EndGlobal
